
Microsoft Visual Studio Solution File, Format Version 12.00
# Visual Studio Version 17
VisualStudioVersion = 17.1.32104.313
MinimumVisualStudioVersion = 10.0.40219.1
Project("{9A19103F-16F7-4668-BE54-9A1E7A4F7556}") = "Student.WebAPI", "Student.WebAPI\Student.WebAPI.csproj", "{8DEC802A-F06F-4C04-9AC0-B3FF86491064}"
EndProject
Project("{9A19103F-16F7-4668-BE54-9A1E7A4F7556}") = "ConsoleApp_EF_DbFirstApproach", "ConsoleApp_EF_DbFirstApproach\ConsoleApp_EF_DbFirstApproach.csproj", "{2D1A6DB0-1FDA-4B3C-8358-B46DFD8F5D8A}"
EndProject
Project("{9A19103F-16F7-4668-BE54-9A1E7A4F7556}") = "Authentication.WebApi", "Authentication.WebApi\Authentication.WebApi.csproj", "{98538F69-A728-4B50-8F7B-56CE7BA5EAFF}"
EndProject
Project("{9A19103F-16F7-4668-BE54-9A1E7A4F7556}") = "Angular_WebApi_Template", "Angular_WebApi_Template\Angular_WebApi_Template.csproj", "{0CA11D00-310A-439F-BD14-D3BB7AC4AFC3}"
EndProject
Project("{FAE04EC0-301F-11D3-BF4B-00C04F79EFBC}") = "WebAPI_JWT_Auth_Angular", "WebAPI_JWT_Auth_Angular\WebAPI_JWT_Auth_Angular.csproj", "{C28D53BA-72C7-4D55-9539-5BE2817F3DD7}"
EndProject
Global
	GlobalSection(SolutionConfigurationPlatforms) = preSolution
		Debug|Any CPU = Debug|Any CPU
		Release|Any CPU = Release|Any CPU
	EndGlobalSection
	GlobalSection(ProjectConfigurationPlatforms) = postSolution
		{8DEC802A-F06F-4C04-9AC0-B3FF86491064}.Debug|Any CPU.ActiveCfg = Debug|Any CPU
		{8DEC802A-F06F-4C04-9AC0-B3FF86491064}.Debug|Any CPU.Build.0 = Debug|Any CPU
		{8DEC802A-F06F-4C04-9AC0-B3FF86491064}.Release|Any CPU.ActiveCfg = Release|Any CPU
		{8DEC802A-F06F-4C04-9AC0-B3FF86491064}.Release|Any CPU.Build.0 = Release|Any CPU
		{2D1A6DB0-1FDA-4B3C-8358-B46DFD8F5D8A}.Debug|Any CPU.ActiveCfg = Debug|Any CPU
		{2D1A6DB0-1FDA-4B3C-8358-B46DFD8F5D8A}.Debug|Any CPU.Build.0 = Debug|Any CPU
		{2D1A6DB0-1FDA-4B3C-8358-B46DFD8F5D8A}.Release|Any CPU.ActiveCfg = Release|Any CPU
		{2D1A6DB0-1FDA-4B3C-8358-B46DFD8F5D8A}.Release|Any CPU.Build.0 = Release|Any CPU
		{98538F69-A728-4B50-8F7B-56CE7BA5EAFF}.Debug|Any CPU.ActiveCfg = Debug|Any CPU
		{98538F69-A728-4B50-8F7B-56CE7BA5EAFF}.Debug|Any CPU.Build.0 = Debug|Any CPU
		{98538F69-A728-4B50-8F7B-56CE7BA5EAFF}.Release|Any CPU.ActiveCfg = Release|Any CPU
		{98538F69-A728-4B50-8F7B-56CE7BA5EAFF}.Release|Any CPU.Build.0 = Release|Any CPU
		{0CA11D00-310A-439F-BD14-D3BB7AC4AFC3}.Debug|Any CPU.ActiveCfg = Debug|Any CPU
		{0CA11D00-310A-439F-BD14-D3BB7AC4AFC3}.Debug|Any CPU.Build.0 = Debug|Any CPU
		{0CA11D00-310A-439F-BD14-D3BB7AC4AFC3}.Release|Any CPU.ActiveCfg = Release|Any CPU
		{0CA11D00-310A-439F-BD14-D3BB7AC4AFC3}.Release|Any CPU.Build.0 = Release|Any CPU
		{C28D53BA-72C7-4D55-9539-5BE2817F3DD7}.Debug|Any CPU.ActiveCfg = Debug|Any CPU
		{C28D53BA-72C7-4D55-9539-5BE2817F3DD7}.Debug|Any CPU.Build.0 = Debug|Any CPU
		{C28D53BA-72C7-4D55-9539-5BE2817F3DD7}.Release|Any CPU.ActiveCfg = Release|Any CPU
		{C28D53BA-72C7-4D55-9539-5BE2817F3DD7}.Release|Any CPU.Build.0 = Release|Any CPU
	EndGlobalSection
	GlobalSection(SolutionProperties) = preSolution
		HideSolutionNode = FALSE
	EndGlobalSection
	GlobalSection(ExtensibilityGlobals) = postSolution
		SolutionGuid = {0611944B-13FA-483B-B62E-8A870681A37F}
	EndGlobalSection
EndGlobal
